// !$*UTF8*$!
{
	archiveVersion = 1;
	classes = {
	};
	objectVersion = 50;
	objects = {

/* Begin PBXBuildFile section */
		021FEB4222521ED5006C87C9 /* AppDelegate.swift in Sources */ = {isa = PBXBuildFile; fileRef = 021FEB4122521ED5006C87C9 /* AppDelegate.swift */; };
		021FEB4422521ED5006C87C9 /* ViewController.swift in Sources */ = {isa = PBXBuildFile; fileRef = 021FEB4322521ED5006C87C9 /* ViewController.swift */; };
		021FEB4A22521ED5006C87C9 /* BasicsCoreData.xcdatamodeld in Sources */ = {isa = PBXBuildFile; fileRef = 021FEB4822521ED5006C87C9 /* BasicsCoreData.xcdatamodeld */; };
		021FEB5A22521ED7006C87C9 /* BasicsCoreDataTests.swift in Sources */ = {isa = PBXBuildFile; fileRef = 021FEB5922521ED7006C87C9 /* BasicsCoreDataTests.swift */; };
		021FEB6522521ED7006C87C9 /* BasicsCoreDataUITests.swift in Sources */ = {isa = PBXBuildFile; fileRef = 021FEB6422521ED7006C87C9 /* BasicsCoreDataUITests.swift */; };
		021FEB7322522AE7006C87C9 /* PersistanceService.swift in Sources */ = {isa = PBXBuildFile; fileRef = 021FEB7222522AE7006C87C9 /* PersistanceService.swift */; };
		021FEB792252318B006C87C9 /* LaunchScreen.storyboard in Resources */ = {isa = PBXBuildFile; fileRef = 021FEB4D22521ED7006C87C9 /* LaunchScreen.storyboard */; };
		021FEB7A22523193006C87C9 /* Main.storyboard in Resources */ = {isa = PBXBuildFile; fileRef = 021FEB4522521ED5006C87C9 /* Main.storyboard */; };
		021FEB7B2252319E006C87C9 /* Assets.xcassets in Resources */ = {isa = PBXBuildFile; fileRef = 021FEB4B22521ED7006C87C9 /* Assets.xcassets */; };
		021FEB8A22528427006C87C9 /* DataEntity.swift in Sources */ = {isa = PBXBuildFile; fileRef = 021FEB8822528427006C87C9 /* DataEntity.swift */; };
/* End PBXBuildFile section */

/* Begin PBXContainerItemProxy section */
		021FEB5622521ED7006C87C9 /* PBXContainerItemProxy */ = {
			isa = PBXContainerItemProxy;
			containerPortal = 021FEB3622521ED5006C87C9 /* Project object */;
			proxyType = 1;
			remoteGlobalIDString = 021FEB3D22521ED5006C87C9;
			remoteInfo = BasicsCoreData;
		};
		021FEB6122521ED7006C87C9 /* PBXContainerItemProxy */ = {
			isa = PBXContainerItemProxy;
			containerPortal = 021FEB3622521ED5006C87C9 /* Project object */;
			proxyType = 1;
			remoteGlobalIDString = 021FEB3D22521ED5006C87C9;
			remoteInfo = BasicsCoreData;
		};
/* End PBXContainerItemProxy section */

/* Begin PBXFileReference section */
		021FEB3E22521ED5006C87C9 /* BasicsCoreData.app */ = {isa = PBXFileReference; explicitFileType = wrapper.application; includeInIndex = 0; path = BasicsCoreData.app; sourceTree = BUILT_PRODUCTS_DIR; };
		021FEB4122521ED5006C87C9 /* AppDelegate.swift */ = {isa = PBXFileReference; lastKnownFileType = sourcecode.swift; path = AppDelegate.swift; sourceTree = "<group>"; };
		021FEB4322521ED5006C87C9 /* ViewController.swift */ = {isa = PBXFileReference; lastKnownFileType = sourcecode.swift; path = ViewController.swift; sourceTree = "<group>"; };
		021FEB4622521ED5006C87C9 /* Base */ = {isa = PBXFileReference; lastKnownFileType = file.storyboard; name = Base; path = Base.lproj/Main.storyboard; sourceTree = "<group>"; };
		021FEB4922521ED5006C87C9 /* BasicsCoreData.xcdatamodel */ = {isa = PBXFileReference; lastKnownFileType = wrapper.xcdatamodel; path = BasicsCoreData.xcdatamodel; sourceTree = "<group>"; };
		021FEB4B22521ED7006C87C9 /* Assets.xcassets */ = {isa = PBXFileReference; lastKnownFileType = folder.assetcatalog; path = Assets.xcassets; sourceTree = "<group>"; };
		021FEB4E22521ED7006C87C9 /* Base */ = {isa = PBXFileReference; lastKnownFileType = file.storyboard; name = Base; path = Base.lproj/LaunchScreen.storyboard; sourceTree = "<group>"; };
		021FEB5022521ED7006C87C9 /* Info.plist */ = {isa = PBXFileReference; lastKnownFileType = text.plist.xml; path = Info.plist; sourceTree = "<group>"; };
		021FEB5522521ED7006C87C9 /* BasicsCoreDataTests.xctest */ = {isa = PBXFileReference; explicitFileType = wrapper.cfbundle; includeInIndex = 0; path = BasicsCoreDataTests.xctest; sourceTree = BUILT_PRODUCTS_DIR; };
		021FEB5922521ED7006C87C9 /* BasicsCoreDataTests.swift */ = {isa = PBXFileReference; lastKnownFileType = sourcecode.swift; path = BasicsCoreDataTests.swift; sourceTree = "<group>"; };
		021FEB5B22521ED7006C87C9 /* Info.plist */ = {isa = PBXFileReference; lastKnownFileType = text.plist.xml; path = Info.plist; sourceTree = "<group>"; };
		021FEB6022521ED7006C87C9 /* BasicsCoreDataUITests.xctest */ = {isa = PBXFileReference; explicitFileType = wrapper.cfbundle; includeInIndex = 0; path = BasicsCoreDataUITests.xctest; sourceTree = BUILT_PRODUCTS_DIR; };
		021FEB6422521ED7006C87C9 /* BasicsCoreDataUITests.swift */ = {isa = PBXFileReference; lastKnownFileType = sourcecode.swift; path = BasicsCoreDataUITests.swift; sourceTree = "<group>"; };
		021FEB6622521ED7006C87C9 /* Info.plist */ = {isa = PBXFileReference; lastKnownFileType = text.plist.xml; path = Info.plist; sourceTree = "<group>"; };
		021FEB7222522AE7006C87C9 /* PersistanceService.swift */ = {isa = PBXFileReference; lastKnownFileType = sourcecode.swift; path = PersistanceService.swift; sourceTree = "<group>"; };
		021FEB8822528427006C87C9 /* DataEntity.swift */ = {isa = PBXFileReference; lastKnownFileType = sourcecode.swift; path = DataEntity.swift; sourceTree = "<group>"; };
/* End PBXFileReference section */

/* Begin PBXFrameworksBuildPhase section */
		021FEB3B22521ED5006C87C9 /* Frameworks */ = {
			isa = PBXFrameworksBuildPhase;
			buildActionMask = 2147483647;
			files = (
			);
			runOnlyForDeploymentPostprocessing = 0;
		};
		021FEB5222521ED7006C87C9 /* Frameworks */ = {
			isa = PBXFrameworksBuildPhase;
			buildActionMask = 2147483647;
			files = (
			);
			runOnlyForDeploymentPostprocessing = 0;
		};
		021FEB5D22521ED7006C87C9 /* Frameworks */ = {
			isa = PBXFrameworksBuildPhase;
			buildActionMask = 2147483647;
			files = (
			);
			runOnlyForDeploymentPostprocessing = 0;
		};
/* End PBXFrameworksBuildPhase section */

/* Begin PBXGroup section */
		021FEB3522521ED5006C87C9 = {
			isa = PBXGroup;
			children = (
				021FEB4022521ED5006C87C9 /* BasicsCoreData */,
				021FEB5822521ED7006C87C9 /* BasicsCoreDataTests */,
				021FEB6322521ED7006C87C9 /* BasicsCoreDataUITests */,
				021FEB3F22521ED5006C87C9 /* Products */,
			);
			sourceTree = "<group>";
		};
		021FEB3F22521ED5006C87C9 /* Products */ = {
			isa = PBXGroup;
			children = (
				021FEB3E22521ED5006C87C9 /* BasicsCoreData.app */,
				021FEB5522521ED7006C87C9 /* BasicsCoreDataTests.xctest */,
				021FEB6022521ED7006C87C9 /* BasicsCoreDataUITests.xctest */,
			);
			name = Products;
			sourceTree = "<group>";
		};
		021FEB4022521ED5006C87C9 /* BasicsCoreData */ = {
			isa = PBXGroup;
			children = (
				021FEB8822528427006C87C9 /* DataEntity.swift */,
				021FEB7222522AE7006C87C9 /* PersistanceService.swift */,
				021FEB4122521ED5006C87C9 /* AppDelegate.swift */,
				021FEB4322521ED5006C87C9 /* ViewController.swift */,
				021FEB4522521ED5006C87C9 /* Main.storyboard */,
				021FEB4B22521ED7006C87C9 /* Assets.xcassets */,
				021FEB4D22521ED7006C87C9 /* LaunchScreen.storyboard */,
				021FEB5022521ED7006C87C9 /* Info.plist */,
				021FEB4822521ED5006C87C9 /* BasicsCoreData.xcdatamodeld */,
			);
			path = BasicsCoreData;
			sourceTree = "<group>";
		};
		021FEB5822521ED7006C87C9 /* BasicsCoreDataTests */ = {
			isa = PBXGroup;
			children = (
				021FEB5922521ED7006C87C9 /* BasicsCoreDataTests.swift */,
				021FEB5B22521ED7006C87C9 /* Info.plist */,
			);
			path = BasicsCoreDataTests;
			sourceTree = "<group>";
		};
		021FEB6322521ED7006C87C9 /* BasicsCoreDataUITests */ = {
			isa = PBXGroup;
			children = (
				021FEB6422521ED7006C87C9 /* BasicsCoreDataUITests.swift */,
				021FEB6622521ED7006C87C9 /* Info.plist */,
			);
			path = BasicsCoreDataUITests;
			sourceTree = "<group>";
		};
/* End PBXGroup section */

/* Begin PBXNativeTarget section */
		021FEB3D22521ED5006C87C9 /* BasicsCoreData */ = {
			isa = PBXNativeTarget;
			buildConfigurationList = 021FEB6922521ED7006C87C9 /* Build configuration list for PBXNativeTarget "BasicsCoreData" */;
			buildPhases = (
				021FEB3A22521ED5006C87C9 /* Sources */,
				021FEB3B22521ED5006C87C9 /* Frameworks */,
				021FEB3C22521ED5006C87C9 /* Resources */,
			);
			buildRules = (
			);
			dependencies = (
			);
			name = BasicsCoreData;
			productName = BasicsCoreData;
			productReference = 021FEB3E22521ED5006C87C9 /* BasicsCoreData.app */;
			productType = "com.apple.product-type.application";
		};
		021FEB5422521ED7006C87C9 /* BasicsCoreDataTests */ = {
			isa = PBXNativeTarget;
			buildConfigurationList = 021FEB6C22521ED7006C87C9 /* Build configuration list for PBXNativeTarget "BasicsCoreDataTests" */;
			buildPhases = (
				021FEB5122521ED7006C87C9 /* Sources */,
				021FEB5222521ED7006C87C9 /* Frameworks */,
				021FEB5322521ED7006C87C9 /* Resources */,
			);
			buildRules = (
			);
			dependencies = (
				021FEB5722521ED7006C87C9 /* PBXTargetDependency */,
			);
			name = BasicsCoreDataTests;
			productName = BasicsCoreDataTests;
			productReference = 021FEB5522521ED7006C87C9 /* BasicsCoreDataTests.xctest */;
			productType = "com.apple.product-type.bundle.unit-test";
		};
		021FEB5F22521ED7006C87C9 /* BasicsCoreDataUITests */ = {
			isa = PBXNativeTarget;
			buildConfigurationList = 021FEB6F22521ED7006C87C9 /* Build configuration list for PBXNativeTarget "BasicsCoreDataUITests" */;
			buildPhases = (
				021FEB5C22521ED7006C87C9 /* Sources */,
				021FEB5D22521ED7006C87C9 /* Frameworks */,
				021FEB5E22521ED7006C87C9 /* Resources */,
			);
			buildRules = (
			);
			dependencies = (
				021FEB6222521ED7006C87C9 /* PBXTargetDependency */,
			);
			name = BasicsCoreDataUITests;
			productName = BasicsCoreDataUITests;
			productReference = 021FEB6022521ED7006C87C9 /* BasicsCoreDataUITests.xctest */;
			productType = "com.apple.product-type.bundle.ui-testing";
		};
/* End PBXNativeTarget section */

/* Begin PBXProject section */
		021FEB3622521ED5006C87C9 /* Project object */ = {
			isa = PBXProject;
			attributes = {
				LastSwiftUpdateCheck = 1020;
				LastUpgradeCheck = 1020;
				ORGANIZATIONNAME = "Harish Kumar";
				TargetAttributes = {
					021FEB3D22521ED5006C87C9 = {
						CreatedOnToolsVersion = 10.2;
					};
					021FEB5422521ED7006C87C9 = {
						CreatedOnToolsVersion = 10.2;
						TestTargetID = 021FEB3D22521ED5006C87C9;
					};
					021FEB5F22521ED7006C87C9 = {
						CreatedOnToolsVersion = 10.2;
						TestTargetID = 021FEB3D22521ED5006C87C9;
					};
				};
			};
			buildConfigurationList = 021FEB3922521ED5006C87C9 /* Build configuration list for PBXProject "BasicsCoreData" */;
			compatibilityVersion = "Xcode 9.3";
			developmentRegion = en;
			hasScannedForEncodings = 0;
			knownRegions = (
				en,
				Base,
			);
			mainGroup = 021FEB3522521ED5006C87C9;
			productRefGroup = 021FEB3F22521ED5006C87C9 /* Products */;
			projectDirPath = "";
			projectRoot = "";
			targets = (
				021FEB3D22521ED5006C87C9 /* BasicsCoreData */,
				021FEB5422521ED7006C87C9 /* BasicsCoreDataTests */,
				021FEB5F22521ED7006C87C9 /* BasicsCoreDataUITests */,
			);
		};
/* End PBXProject section */

/* Begin PBXResourcesBuildPhase section */
		021FEB3C22521ED5006C87C9 /* Resources */ = {
			isa = PBXResourcesBuildPhase;
			buildActionMask = 2147483647;
			files = (
				021FEB7B2252319E006C87C9 /* Assets.xcassets in Resources */,
				021FEB7A22523193006C87C9 /* Main.storyboard in Resources */,
				021FEB792252318B006C87C9 /* LaunchScreen.storyboard in Resources */,
			);
			runOnlyForDeploymentPostprocessing = 0;
		};
		021FEB5322521ED7006C87C9 /* Resources */ = {
			isa = PBXResourcesBuildPhase;
			buildActionMask = 2147483647;
			files = (
			);
			runOnlyForDeploymentPostprocessing = 0;
		};
		021FEB5E22521ED7006C87C9 /* Resources */ = {
			isa = PBXResourcesBuildPhase;
			buildActionMask = 2147483647;
			files = (
			);
			runOnlyForDeploymentPostprocessing = 0;
		};
/* End PBXResourcesBuildPhase section */

/* Begin PBXSourcesBuildPhase section */
		021FEB3A22521ED5006C87C9 /* Sources */ = {
			isa = PBXSourcesBuildPhase;
			buildActionMask = 2147483647;
			files = (
				021FEB8A22528427006C87C9 /* DataEntity.swift in Sources */,
				021FEB4422521ED5006C87C9 /* ViewController.swift in Sources */,
				021FEB7322522AE7006C87C9 /* PersistanceService.swift in Sources */,
				021FEB4A22521ED5006C87C9 /* BasicsCoreData.xcdatamodeld in Sources */,
				021FEB4222521ED5006C87C9 /* AppDelegate.swift in Sources */,
			);
			runOnlyForDeploymentPostprocessing = 0;
		};
		021FEB5122521ED7006C87C9 /* Sources */ = {
			isa = PBXSourcesBuildPhase;
			buildActionMask = 2147483647;
			files = (
				021FEB5A22521ED7006C87C9 /* BasicsCoreDataTests.swift in Sources */,
			);
			runOnlyForDeploymentPostprocessing = 0;
		};
		021FEB5C22521ED7006C87C9 /* Sources */ = {
			isa = PBXSourcesBuildPhase;
			buildActionMask = 2147483647;
			files = (
				021FEB6522521ED7006C87C9 /* BasicsCoreDataUITests.swift in Sources */,
			);
			runOnlyForDeploymentPostprocessing = 0;
		};
/* End PBXSourcesBuildPhase section */

/* Begin PBXTargetDependency section */
		021FEB5722521ED7006C87C9 /* PBXTargetDependency */ = {
			isa = PBXTargetDependency;
			target = 021FEB3D22521ED5006C87C9 /* BasicsCoreData */;
			targetProxy = 021FEB5622521ED7006C87C9 /* PBXContainerItemProxy */;
		};
		021FEB6222521ED7006C87C9 /* PBXTargetDependency */ = {
			isa = PBXTargetDependency;
			target = 021FEB3D22521ED5006C87C9 /* BasicsCoreData */;
			targetProxy = 021FEB6122521ED7006C87C9 /* PBXContainerItemProxy */;
		};
/* End PBXTargetDependency section */

/* Begin PBXVariantGroup section */
		021FEB4522521ED5006C87C9 /* Main.storyboard */ = {
			isa = PBXVariantGroup;
			children = (
				021FEB4622521ED5006C87C9 /* Base */,
			);
			name = Main.storyboard;
			sourceTree = "<group>";
		};
		021FEB4D22521ED7006C87C9 /* LaunchScreen.storyboard */ = {
			isa = PBXVariantGroup;
			children = (
				021FEB4E22521ED7006C87C9 /* Base */,
			);
			name = LaunchScreen.storyboard;
			sourceTree = "<group>";
		};
/* End PBXVariantGroup section */

/* Begin XCBuildConfiguration section */
		021FEB6722521ED7006C87C9 /* Debug */ = {
			isa = XCBuildConfiguration;
			buildSettings = {
				ALWAYS_SEARCH_USER_PATHS = NO;
				CLANG_ANALYZER_NONNULL = YES;
				CLANG_ANALYZER_NUMBER_OBJECT_CONVERSION = YES_AGGRESSIVE;
				CLANG_CXX_LANGUAGE_STANDARD = "gnu++14";
				CLANG_CXX_LIBRARY = "libc++";
				CLANG_ENABLE_MODULES = YES;
				CLANG_ENABLE_OBJC_ARC = YES;
				CLANG_ENABLE_OBJC_WEAK = YES;
				CLANG_WARN_BLOCK_CAPTURE_AUTORELEASING = YES;
				CLANG_WARN_BOOL_CONVERSION = YES;
				CLANG_WARN_COMMA = YES;
				CLANG_WARN_CONSTANT_CONVERSION = YES;
				CLANG_WARN_DEPRECATED_OBJC_IMPLEMENTATIONS = YES;
				CLANG_WARN_DIRECT_OBJC_ISA_USAGE = YES_ERROR;
				CLANG_WARN_DOCUMENTATION_COMMENTS = YES;
				CLANG_WARN_EMPTY_BODY = YES;
				CLANG_WARN_ENUM_CONVERSION = YES;
				CLANG_WARN_INFINITE_RECURSION = YES;
				CLANG_WARN_INT_CONVERSION = YES;
				CLANG_WARN_NON_LITERAL_NULL_CONVERSION = YES;
				CLANG_WARN_OBJC_IMPLICIT_RETAIN_SELF = YES;
				CLANG_WARN_OBJC_LITERAL_CONVERSION = YES;
				CLANG_WARN_OBJC_ROOT_CLASS = YES_ERROR;
				CLANG_WARN_RANGE_LOOP_ANALYSIS = YES;
				CLANG_WARN_STRICT_PROTOTYPES = YES;
				CLANG_WARN_SUSPICIOUS_MOVE = YES;
				CLANG_WARN_UNGUARDED_AVAILABILITY = YES_AGGRESSIVE;
				CLANG_WARN_UNREACHABLE_CODE = YES;
				CLANG_WARN__DUPLICATE_METHOD_MATCH = YES;
				CODE_SIGN_IDENTITY = "iPhone Developer";
				COPY_PHASE_STRIP = NO;
				DEBUG_INFORMATION_FORMAT = dwarf;
				ENABLE_STRICT_OBJC_MSGSEND = YES;
				ENABLE_TESTABILITY = YES;
				GCC_C_LANGUAGE_STANDARD = gnu11;
				GCC_DYNAMIC_NO_PIC = NO;
				GCC_NO_COMMON_BLOCKS = YES;
				GCC_OPTIMIZATION_LEVEL = 0;
				GCC_PREPROCESSOR_DEFINITIONS = (
					"DEBUG=1",
					"$(inherited)",
				);
				GCC_WARN_64_TO_32_BIT_CONVERSION = YES;
				GCC_WARN_ABOUT_RETURN_TYPE = YES_ERROR;
				GCC_WARN_UNDECLARED_SELECTOR = YES;
				GCC_WARN_UNINITIALIZED_AUTOS = YES_AGGRESSIVE;
				GCC_WARN_UNUSED_FUNCTION = YES;
				GCC_WARN_UNUSED_VARIABLE = YES;
				IPHONEOS_DEPLOYMENT_TARGET = 12.2;
				MTL_ENABLE_DEBUG_INFO = INCLUDE_SOURCE;
				MTL_FAST_MATH = YES;
				ONLY_ACTIVE_ARCH = YES;
				SDKROOT = iphoneos;
				SWIFT_ACTIVE_COMPILATION_CONDITIONS = DEBUG;
				SWIFT_OPTIMIZATION_LEVEL = "-Onone";
			};
			name = Debug;
		};
		021FEB6822521ED7006C87C9 /* Release */ = {
			isa = XCBuildConfiguration;
			buildSettings = {
				ALWAYS_SEARCH_USER_PATHS = NO;
				CLANG_ANALYZER_NONNULL = YES;
				CLANG_ANALYZER_NUMBER_OBJECT_CONVERSION = YES_AGGRESSIVE;
				CLANG_CXX_LANGUAGE_STANDARD = "gnu++14";
				CLANG_CXX_LIBRARY = "libc++";
				CLANG_ENABLE_MODULES = YES;
				CLANG_ENABLE_OBJC_ARC = YES;
				CLANG_ENABLE_OBJC_WEAK = YES;
				CLANG_WARN_BLOCK_CAPTURE_AUTORELEASING = YES;
				CLANG_WARN_BOOL_CONVERSION = YES;
				CLANG_WARN_COMMA = YES;
				CLANG_WARN_CONSTANT_CONVERSION = YES;
				CLANG_WARN_DEPRECATED_OBJC_IMPLEMENTATIONS = YES;
				CLANG_WARN_DIRECT_OBJC_ISA_USAGE = YES_ERROR;
				CLANG_WARN_DOCUMENTATION_COMMENTS = YES;
				CLANG_WARN_EMPTY_BODY = YES;
				CLANG_WARN_ENUM_CONVERSION = YES;
				CLANG_WARN_INFINITE_RECURSION = YES;
				CLANG_WARN_INT_CONVERSION = YES;
				CLANG_WARN_NON_LITERAL_NULL_CONVERSION = YES;
				CLANG_WARN_OBJC_IMPLICIT_RETAIN_SELF = YES;
				CLANG_WARN_OBJC_LITERAL_CONVERSION = YES;
				CLANG_WARN_OBJC_ROOT_CLASS = YES_ERROR;
				CLANG_WARN_RANGE_LOOP_ANALYSIS = YES;
				CLANG_WARN_STRICT_PROTOTYPES = YES;
				CLANG_WARN_SUSPICIOUS_MOVE = YES;
				CLANG_WARN_UNGUARDED_AVAILABILITY = YES_AGGRESSIVE;
				CLANG_WARN_UNREACHABLE_CODE = YES;
				CLANG_WARN__DUPLICATE_METHOD_MATCH = YES;
				CODE_SIGN_IDENTITY = "iPhone Developer";
				COPY_PHASE_STRIP = NO;
				DEBUG_INFORMATION_FORMAT = "dwarf-with-dsym";
				ENABLE_NS_ASSERTIONS = NO;
				ENABLE_STRICT_OBJC_MSGSEND = YES;
				GCC_C_LANGUAGE_STANDARD = gnu11;
				GCC_NO_COMMON_BLOCKS = YES;
				GCC_WARN_64_TO_32_BIT_CONVERSION = YES;
				GCC_WARN_ABOUT_RETURN_TYPE = YES_ERROR;
				GCC_WARN_UNDECLARED_SELECTOR = YES;
				GCC_WARN_UNINITIALIZED_AUTOS = YES_AGGRESSIVE;
				GCC_WARN_UNUSED_FUNCTION = YES;
				GCC_WARN_UNUSED_VARIABLE = YES;
				IPHONEOS_DEPLOYMENT_TARGET = 12.2;
				MTL_ENABLE_DEBUG_INFO = NO;
				MTL_FAST_MATH = YES;
				SDKROOT = iphoneos;
				SWIFT_COMPILATION_MODE = wholemodule;
				SWIFT_OPTIMIZATION_LEVEL = "-O";
				VALIDATE_PRODUCT = YES;
			};
			name = Release;
		};
		021FEB6A22521ED7006C87C9 /* Debug */ = {
			isa = XCBuildConfiguration;
			buildSettings = {
				ASSETCATALOG_COMPILER_APPICON_NAME = AppIcon;
				CODE_SIGN_STYLE = Automatic;
				DEVELOPMENT_TEAM = M4DZ8PTV4K;
				INFOPLIST_FILE = BasicsCoreData/Info.plist;
				LD_RUNPATH_SEARCH_PATHS = (
					"$(inherited)",
					"@executable_path/Frameworks",
				);
				PRODUCT_BUNDLE_IDENTIFIER = ios.BasicsCoreData;
				PRODUCT_NAME = "$(TARGET_NAME)";
				SWIFT_VERSION = 5.0;
				TARGETED_DEVICE_FAMILY = "1,2";
			};
			name = Debug;
		};
		021FEB6B22521ED7006C87C9 /* Release */ = {
			isa = XCBuildConfiguration;
			buildSettings = {
				ASSETCATALOG_COMPILER_APPICON_NAME = AppIcon;
				CODE_SIGN_STYLE = Automatic;
				DEVELOPMENT_TEAM = M4DZ8PTV4K;
				INFOPLIST_FILE = BasicsCoreData/Info.plist;
				LD_RUNPATH_SEARCH_PATHS = (
					"$(inherited)",
					"@executable_path/Frameworks",
				);
				PRODUCT_BUNDLE_IDENTIFIER = ios.BasicsCoreData;
				PRODUCT_NAME = "$(TARGET_NAME)";
				SWIFT_VERSION = 5.0;
				TARGETED_DEVICE_FAMILY = "1,2";
			};
			name = Release;
		};
		021FEB6D22521ED7006C87C9 /* Debug */ = {
			isa = XCBuildConfiguration;
			buildSettings = {
				ALWAYS_EMBED_SWIFT_STANDARD_LIBRARIES = YES;
				BUNDLE_LOADER = "$(TEST_HOST)";
				CODE_SIGN_STYLE = Automatic;
				DEVELOPMENT_TEAM = M4DZ8PTV4K;
				INFOPLIST_FILE = BasicsCoreDataTests/Info.plist;
				LD_RUNPATH_SEARCH_PATHS = (
					"$(inherited)",
					"@executable_path/Frameworks",
					"@loader_path/Frameworks",
				);
				PRODUCT_BUNDLE_IDENTIFIER = ios.BasicsCoreDataTests;
				PRODUCT_NAME = "$(TARGET_NAME)";
				SWIFT_VERSION = 5.0;
				TARGETED_DEVICE_FAMILY = "1,2";
				TEST_HOST = "$(BUILT_PRODUCTS_DIR)/BasicsCoreData.app/BasicsCoreData";
			};
			name = Debug;
		};
		021FEB6E22521ED7006C87C9 /* Release */ = {
			isa = XCBuildConfiguration;
			buildSettings = {
				ALWAYS_EMBED_SWIFT_STANDARD_LIBRARIES = YES;
				BUNDLE_LOADER = "$(TEST_HOST)";
				CODE_SIGN_STYLE = Automatic;
				DEVELOPMENT_TEAM = M4DZ8PTV4K;
				INFOPLIST_FILE = BasicsCoreDataTests/Info.plist;
				LD_RUNPATH_SEARCH_PATHS = (
					"$(inherited)",
					"@executable_path/Frameworks",
					"@loader_path/Frameworks",
				);
				PRODUCT_BUNDLE_IDENTIFIER = ios.BasicsCoreDataTests;
				PRODUCT_NAME = "$(TARGET_NAME)";
				SWIFT_VERSION = 5.0;
				TARGETED_DEVICE_FAMILY = "1,2";
				TEST_HOST = "$(BUILT_PRODUCTS_DIR)/BasicsCoreData.app/BasicsCoreData";
			};
			name = Release;
		};
		021FEB7022521ED7006C87C9 /* Debug */ = {
			isa = XCBuildConfiguration;
			buildSettings = {
				ALWAYS_EMBED_SWIFT_STANDARD_LIBRARIES = YES;
				CODE_SIGN_STYLE = Automatic;
				DEVELOPMENT_TEAM = M4DZ8PTV4K;
				INFOPLIST_FILE = BasicsCoreDataUITests/Info.plist;
				LD_RUNPATH_SEARCH_PATHS = (
					"$(inherited)",
					"@executable_path/Frameworks",
					"@loader_path/Frameworks",
				);
				PRODUCT_BUNDLE_IDENTIFIER = ios.BasicsCoreDataUITests;
				PRODUCT_NAME = "$(TARGET_NAME)";
				SWIFT_VERSION = 5.0;
				TARGETED_DEVICE_FAMILY = "1,2";
				TEST_TARGET_NAME = BasicsCoreData;
			};
			name = Debug;
		};
		021FEB7122521ED7006C87C9 /* Release */ = {
			isa = XCBuildConfiguration;
			buildSettings = {
				ALWAYS_EMBED_SWIFT_STANDARD_LIBRARIES = YES;
				CODE_SIGN_STYLE = Automatic;
				DEVELOPMENT_TEAM = M4DZ8PTV4K;
				INFOPLIST_FILE = BasicsCoreDataUITests/Info.plist;
				LD_RUNPATH_SEARCH_PATHS = (
					"$(inherited)",
					"@executable_path/Frameworks",
					"@loader_path/Frameworks",
				);
				PRODUCT_BUNDLE_IDENTIFIER = ios.BasicsCoreDataUITests;
				PRODUCT_NAME = "$(TARGET_NAME)";
				SWIFT_VERSION = 5.0;
				TARGETED_DEVICE_FAMILY = "1,2";
				TEST_TARGET_NAME = BasicsCoreData;
			};
			name = Release;
		};
/* End XCBuildConfiguration section */

/* Begin XCConfigurationList section */
		021FEB3922521ED5006C87C9 /* Build configuration list for PBXProject "BasicsCoreData" */ = {
			isa = XCConfigurationList;
			buildConfigurations = (
				021FEB6722521ED7006C87C9 /* Debug */,
				021FEB6822521ED7006C87C9 /* Release */,
			);
			defaultConfigurationIsVisible = 0;
			defaultConfigurationName = Release;
		};
		021FEB6922521ED7006C87C9 /* Build configuration list for PBXNativeTarget "BasicsCoreData" */ = {
			isa = XCConfigurationList;
			buildConfigurations = (
				021FEB6A22521ED7006C87C9 /* Debug */,
				021FEB6B22521ED7006C87C9 /* Release */,
			);
			defaultConfigurationIsVisible = 0;
			defaultConfigurationName = Release;
		};
		021FEB6C22521ED7006C87C9 /* Build configuration list for PBXNativeTarget "BasicsCoreDataTests" */ = {
			isa = XCConfigurationList;
			buildConfigurations = (
				021FEB6D22521ED7006C87C9 /* Debug */,
				021FEB6E22521ED7006C87C9 /* Release */,
			);
			defaultConfigurationIsVisible = 0;
			defaultConfigurationName = Release;
		};
		021FEB6F22521ED7006C87C9 /* Build configuration list for PBXNativeTarget "BasicsCoreDataUITests" */ = {
			isa = XCConfigurationList;
			buildConfigurations = (
				021FEB7022521ED7006C87C9 /* Debug */,
				021FEB7122521ED7006C87C9 /* Release */,
			);
			defaultConfigurationIsVisible = 0;
			defaultConfigurationName = Release;
		};
/* End XCConfigurationList section */

/* Begin XCVersionGroup section */
		021FEB4822521ED5006C87C9 /* BasicsCoreData.xcdatamodeld */ = {
			isa = XCVersionGroup;
			children = (
				021FEB4922521ED5006C87C9 /* BasicsCoreData.xcdatamodel */,
			);
			currentVersion = 021FEB4922521ED5006C87C9 /* BasicsCoreData.xcdatamodel */;
			path = BasicsCoreData.xcdatamodeld;
			sourceTree = "<group>";
			versionGroupType = wrapper.xcdatamodel;
		};
/* End XCVersionGroup section */
	};
	rootObject = 021FEB3622521ED5006C87C9 /* Project object */;
}
